github.com/approvals/go-approval-tests v1.14.0 h1:TVCaKX2PR5m0xN3062cW9PC5Ptkx3kRytmNtm0Ap1+Q=
github.com/approvals/go-approval-tests v1.14.0/go.mod h1:3HKg6haD0Wg6p1SiA8/xHWg/xu4qnsB73ocJoo6zNy8=
github.com/gomarkdown/markdown v0.0.0-20260725000948-8435af3f5984 h1:6DE2PprLLZelQJu7AeebZLxjcENwC1plRZHDvd5uMCU=
github.com/gomarkdown/markdown v0.0.0-20260725000948-8435af3f5984/go.mod h1:JDGcbDT52eL4fju3sZ4TeHGsQwhG9nbDV21aMyhwPoA=
github.com/gomarkdown/markdown v0.0.0-20260818103853-6d1f24fc3a11 h1:ot6/Kp6yjtsQjxQVufBPmTNUKrnFZ88UD9gKV38dwFw=
github.com/gomarkdown/markdown v0.0.0-20260818103853-6d1f24fc3a11/go.mod h1:JDGcbDT52eL4fju3sZ4TeHGsQwhG9nbDV21aMyhwPoA=
